
Microsoft Visual Studio Solution File, Format Version 12.00
# Visual Studio Version 17
VisualStudioVersion = 17.8.34511.84
MinimumVisualStudioVersion = 10.0.40219.1
Project("{9A19103F-16F7-4668-BE54-9A1E7A4F7556}") = "MudBlazorTest", "MudBlazorTest.csproj", "{8BF1CB9E-1E23-4C1E-8C9D-30B05216BA93}"
EndProject
Global
	GlobalSection(SolutionConfigurationPlatforms) = preSolution
		Debug|Any CPU = Debug|Any CPU
		Release|Any CPU = Release|Any CPU
	EndGlobalSection
	GlobalSection(ProjectConfigurationPlatforms) = postSolution
		{8BF1CB9E-1E23-4C1E-8C9D-30B05216BA93}.Debug|Any CPU.ActiveCfg = Debug|Any CPU
		{8BF1CB9E-1E23-4C1E-8C9D-30B05216BA93}.Debug|Any CPU.Build.0 = Debug|Any CPU
		{8BF1CB9E-1E23-4C1E-8C9D-30B05216BA93}.Release|Any CPU.ActiveCfg = Release|Any CPU
		{8BF1CB9E-1E23-4C1E-8C9D-30B05216BA93}.Release|Any CPU.Build.0 = Release|Any CPU
	EndGlobalSection
	GlobalSection(SolutionProperties) = preSolution
		HideSolutionNode = FALSE
	EndGlobalSection
	GlobalSection(ExtensibilityGlobals) = postSolution
		SolutionGuid = {3068BA36-3B70-475F-A11C-60D52AA83306}
	EndGlobalSection
EndGlobal
